
Microsoft Visual Studio Solution File, Format Version 12.00
# Visual Studio 15
VisualStudioVersion = 15.0.28307.329
MinimumVisualStudioVersion = 10.0.40219.1
Project("{FAE04EC0-301F-11D3-BF4B-00C04F79EFBC}") = "productoBackend", "productoBackend\productoBackend.csproj", "{CADDE24B-B07A-402C-80C9-39C3989681D3}"
EndProject
Project("{FAE04EC0-301F-11D3-BF4B-00C04F79EFBC}") = "productoAPI", "productoAPI\productoAPI.csproj", "{904E7F19-2594-42E0-B76C-7873F7DBD007}"
EndProject
Global
	GlobalSection(SolutionConfigurationPlatforms) = preSolution
		Debug|Any CPU = Debug|Any CPU
		Release|Any CPU = Release|Any CPU
	EndGlobalSection
	GlobalSection(ProjectConfigurationPlatforms) = postSolution
		{CADDE24B-B07A-402C-80C9-39C3989681D3}.Debug|Any CPU.ActiveCfg = Debug|Any CPU
		{CADDE24B-B07A-402C-80C9-39C3989681D3}.Debug|Any CPU.Build.0 = Debug|Any CPU
		{CADDE24B-B07A-402C-80C9-39C3989681D3}.Release|Any CPU.ActiveCfg = Release|Any CPU
		{CADDE24B-B07A-402C-80C9-39C3989681D3}.Release|Any CPU.Build.0 = Release|Any CPU
		{904E7F19-2594-42E0-B76C-7873F7DBD007}.Debug|Any CPU.ActiveCfg = Debug|Any CPU
		{904E7F19-2594-42E0-B76C-7873F7DBD007}.Debug|Any CPU.Build.0 = Debug|Any CPU
		{904E7F19-2594-42E0-B76C-7873F7DBD007}.Release|Any CPU.ActiveCfg = Release|Any CPU
		{904E7F19-2594-42E0-B76C-7873F7DBD007}.Release|Any CPU.Build.0 = Release|Any CPU
	EndGlobalSection
	GlobalSection(SolutionProperties) = preSolution
		HideSolutionNode = FALSE
	EndGlobalSection
	GlobalSection(ExtensibilityGlobals) = postSolution
		SolutionGuid = {9A4FD5D9-B7F7-4F70-A0DD-0340E58A3237}
	EndGlobalSection
EndGlobal
